
Microsoft Visual Studio Solution File, Format Version 12.00
# Visual Studio Version 16
VisualStudioVersion = 16.0.31205.134
MinimumVisualStudioVersion = 10.0.40219.1
Project("{FAE04EC0-301F-11D3-BF4B-00C04F79EFBC}") = "AirportDispatcher", "AirportDispatcher\AirportDispatcher.csproj", "{7ECDB431-0104-4C89-B0F6-248053903001}"
EndProject
Global
	GlobalSection(SolutionConfigurationPlatforms) = preSolution
		Debug|Any CPU = Debug|Any CPU
		Release|Any CPU = Release|Any CPU
	EndGlobalSection
	GlobalSection(ProjectConfigurationPlatforms) = postSolution
		{7ECDB431-0104-4C89-B0F6-248053903001}.Debug|Any CPU.ActiveCfg = Debug|Any CPU
		{7ECDB431-0104-4C89-B0F6-248053903001}.Debug|Any CPU.Build.0 = Debug|Any CPU
		{7ECDB431-0104-4C89-B0F6-248053903001}.Release|Any CPU.ActiveCfg = Release|Any CPU
		{7ECDB431-0104-4C89-B0F6-248053903001}.Release|Any CPU.Build.0 = Release|Any CPU
	EndGlobalSection
	GlobalSection(SolutionProperties) = preSolution
		HideSolutionNode = FALSE
	EndGlobalSection
	GlobalSection(ExtensibilityGlobals) = postSolution
		SolutionGuid = {72E13C35-B7AE-4B9A-A10C-A7CB0C3FDBD3}
	EndGlobalSection
EndGlobal
